# @generated - this file is auto-generated by `mise lock` https://mise.jdx.dev/dev-tools/mise-lock.html

lockfile_version = 1

[[tools.node]]
version = "24.20.0"
backend = "core:node"
specifiers = ["24"]

[tools.node."platforms.linux-arm64"]
checksum = "sha256:3515603e2487879a39bc75716f1a2affd027500c64ba50e845cf72cb33219013"
url = "https://nodejs.org/dist/v24.20.0/node-v24.20.0-linux-arm64.tar.gz"

[tools.node."platforms.linux-arm64-musl"]
checksum = "sha256:2c8c507ccb0f20812d9526ba8ca454b1652aadef68fc8bad06f07fb1122dd1ef"
url = "https://unofficial-builds.nodejs.org/download/release/v24.20.0/node-v24.20.0-linux-arm64-musl.tar.gz"

[tools.node."platforms.linux-x64"]
checksum = "sha256:855d581f8a4eb1a8117e3426de25fe02770592febcfb31369aee1ffbfee9e8ec"
url = "https://nodejs.org/dist/v24.20.0/node-v24.20.0-linux-x64.tar.gz"

[tools.node."platforms.linux-x64-musl"]
checksum = "sha256:9ae1399fef4bd8990e15773ce1327b336a20b9e97d8c7549f4f42ca73c43f562"
url = "https://unofficial-builds.nodejs.org/download/release/v24.20.0/node-v24.20.0-linux-x64-musl.tar.gz"

[tools.node."platforms.macos-arm64"]
checksum = "sha256:40e5607e5ecb3db9192723776da2d75d966260fc74a7a9e731c1bd67dda96bc8"
url = "https://nodejs.org/dist/v24.20.0/node-v24.20.0-darwin-arm64.tar.gz"

[tools.node."platforms.macos-x64"]
checksum = "sha256:9e5b2644cf107befb6aefca676b96d3296bc10138096f022ed378d6233ed81f4"
url = "https://nodejs.org/dist/v24.20.0/node-v24.20.0-darwin-x64.tar.gz"

[tools.node."platforms.windows-x64"]
checksum = "sha256:6cac9ffbca8f6a47091e4b5c772e0606049c3871cb67d900c0cedde630e545ba"
url = "https://nodejs.org/dist/v24.20.0/node-v24.20.0-win-x64.zip"

[[tools.pnpm]]
version = "10.18.0"
backend = "aqua:pnpm/pnpm"
specifiers = ["10.18.0"]

[tools.pnpm."platforms.linux-arm64"]
checksum = "sha256:80f5b488bfe8244b67ea70ade9bdb605ba7cd3961cd28cda645d872ac78f5a6d"
url = "https://github.com/pnpm/pnpm/releases/download/v10.18.0/pnpm-linux-arm64"
url_api = "https://api.github.com/repos/pnpm/pnpm/releases/assets/299759915"

[tools.pnpm."platforms.linux-arm64-musl"]
checksum = "sha256:80f5b488bfe8244b67ea70ade9bdb605ba7cd3961cd28cda645d872ac78f5a6d"
url = "https://github.com/pnpm/pnpm/releases/download/v10.18.0/pnpm-linux-arm64"
url_api = "https://api.github.com/repos/pnpm/pnpm/releases/assets/299759915"

[tools.pnpm."platforms.linux-x64"]
checksum = "sha256:d267e29f26d4f5c7466ee11805be54b599604ca61cc0b19499f517a46317b563"
url = "https://github.com/pnpm/pnpm/releases/download/v10.18.0/pnpm-linux-x64"
url_api = "https://api.github.com/repos/pnpm/pnpm/releases/assets/299759916"

[tools.pnpm."platforms.linux-x64-musl"]
checksum = "sha256:d267e29f26d4f5c7466ee11805be54b599604ca61cc0b19499f517a46317b563"
url = "https://github.com/pnpm/pnpm/releases/download/v10.18.0/pnpm-linux-x64"
url_api = "https://api.github.com/repos/pnpm/pnpm/releases/assets/299759916"

[tools.pnpm."platforms.macos-arm64"]
checksum = "sha256:3743de13ce1587eb3ac0af5189b7a891b96ecbed6c81f291a306b36049af5a1a"
url = "https://github.com/pnpm/pnpm/releases/download/v10.18.0/pnpm-macos-arm64"
url_api = "https://api.github.com/repos/pnpm/pnpm/releases/assets/299759918"

[tools.pnpm."platforms.macos-x64"]
checksum = "sha256:1a35d1d192cc5c5746ea5b8830b6a95816b49af6562cd8eed98f4ba56c4806d2"
url = "https://github.com/pnpm/pnpm/releases/download/v10.18.0/pnpm-macos-x64"
url_api = "https://api.github.com/repos/pnpm/pnpm/releases/assets/299759913"

[tools.pnpm."platforms.windows-x64"]
checksum = "sha256:e2efc41c02da69eaf5e871df7152d115418736c155e4bd2d4ec5e5365b042ede"
url = "https://github.com/pnpm/pnpm/releases/download/v10.18.0/pnpm-win-x64.exe"
url_api = "https://api.github.com/repos/pnpm/pnpm/releases/assets/299759914"
